
Microsoft Visual Studio Solution File, Format Version 12.00
# Visual Studio Version 16
VisualStudioVersion = 16.0.31410.357
MinimumVisualStudioVersion = 10.0.40219.1
Project("{FAE04EC0-301F-11D3-BF4B-00C04F79EFBC}") = "DemoAb", "DemoAb\DemoAb.csproj", "{F2B1E1CC-AE5A-493F-8766-8FC9E7235FB6}"
EndProject
Global
	GlobalSection(SolutionConfigurationPlatforms) = preSolution
		Debug|Any CPU = Debug|Any CPU
		Release|Any CPU = Release|Any CPU
	EndGlobalSection
	GlobalSection(ProjectConfigurationPlatforms) = postSolution
		{F2B1E1CC-AE5A-493F-8766-8FC9E7235FB6}.Debug|Any CPU.ActiveCfg = Debug|Any CPU
		{F2B1E1CC-AE5A-493F-8766-8FC9E7235FB6}.Debug|Any CPU.Build.0 = Debug|Any CPU
		{F2B1E1CC-AE5A-493F-8766-8FC9E7235FB6}.Release|Any CPU.ActiveCfg = Release|Any CPU
		{F2B1E1CC-AE5A-493F-8766-8FC9E7235FB6}.Release|Any CPU.Build.0 = Release|Any CPU
	EndGlobalSection
	GlobalSection(SolutionProperties) = preSolution
		HideSolutionNode = FALSE
	EndGlobalSection
	GlobalSection(ExtensibilityGlobals) = postSolution
		SolutionGuid = {AC276EF8-B1B3-4182-A5FF-D972D80EA359}
	EndGlobalSection
EndGlobal
