
Microsoft Visual Studio Solution File, Format Version 12.00
# Visual Studio Version 16
VisualStudioVersion = 16.0.31410.357
MinimumVisualStudioVersion = 10.0.40219.1
Project("{FAE04EC0-301F-11D3-BF4B-00C04F79EFBC}") = "SimpleMVC", "SimpleMVC.csproj", "{A5B394DF-7D5C-48B0-8E9C-021B3F689B37}"
EndProject
Global
	GlobalSection(SolutionConfigurationPlatforms) = preSolution
		Debug|Any CPU = Debug|Any CPU
		Release|Any CPU = Release|Any CPU
	EndGlobalSection
	GlobalSection(ProjectConfigurationPlatforms) = postSolution
		{A5B394DF-7D5C-48B0-8E9C-021B3F689B37}.Debug|Any CPU.ActiveCfg = Debug|Any CPU
		{A5B394DF-7D5C-48B0-8E9C-021B3F689B37}.Debug|Any CPU.Build.0 = Debug|Any CPU
		{A5B394DF-7D5C-48B0-8E9C-021B3F689B37}.Release|Any CPU.ActiveCfg = Release|Any CPU
		{A5B394DF-7D5C-48B0-8E9C-021B3F689B37}.Release|Any CPU.Build.0 = Release|Any CPU
	EndGlobalSection
	GlobalSection(SolutionProperties) = preSolution
		HideSolutionNode = FALSE
	EndGlobalSection
	GlobalSection(ExtensibilityGlobals) = postSolution
		SolutionGuid = {260595B8-930F-4788-B21F-D6F3A896BB23}
	EndGlobalSection
EndGlobal
